
Microsoft Visual Studio Solution File, Format Version 12.00
# Visual Studio Version 17
VisualStudioVersion = 17.8.34330.188
MinimumVisualStudioVersion = 10.0.40219.1
Project("{FAE04EC0-301F-11D3-BF4B-00C04F79EFBC}") = "TripTaskEFApp", "TripTaskEFApp.csproj", "{DBC60725-3451-4CB3-8326-1108F5AC5059}"
EndProject
Project("{FAE04EC0-301F-11D3-BF4B-00C04F79EFBC}") = "IPDAL", "..\IPDAL\IPDAL.csproj", "{F9730ED4-761A-4F80-8B00-242908427583}"
EndProject
Project("{FAE04EC0-301F-11D3-BF4B-00C04F79EFBC}") = "IPBLL", "..\IPBLL\IPBLL.csproj", "{5F16E69D-15EB-4D79-8C32-49DBAD08CD57}"
EndProject
Global
	GlobalSection(SolutionConfigurationPlatforms) = preSolution
		Debug|Any CPU = Debug|Any CPU
		Release|Any CPU = Release|Any CPU
	EndGlobalSection
	GlobalSection(ProjectConfigurationPlatforms) = postSolution
		{DBC60725-3451-4CB3-8326-1108F5AC5059}.Debug|Any CPU.ActiveCfg = Debug|Any CPU
		{DBC60725-3451-4CB3-8326-1108F5AC5059}.Debug|Any CPU.Build.0 = Debug|Any CPU
		{DBC60725-3451-4CB3-8326-1108F5AC5059}.Release|Any CPU.ActiveCfg = Release|Any CPU
		{DBC60725-3451-4CB3-8326-1108F5AC5059}.Release|Any CPU.Build.0 = Release|Any CPU
		{F9730ED4-761A-4F80-8B00-242908427583}.Debug|Any CPU.ActiveCfg = Debug|Any CPU
		{F9730ED4-761A-4F80-8B00-242908427583}.Debug|Any CPU.Build.0 = Debug|Any CPU
		{F9730ED4-761A-4F80-8B00-242908427583}.Release|Any CPU.ActiveCfg = Release|Any CPU
		{F9730ED4-761A-4F80-8B00-242908427583}.Release|Any CPU.Build.0 = Release|Any CPU
		{5F16E69D-15EB-4D79-8C32-49DBAD08CD57}.Debug|Any CPU.ActiveCfg = Debug|Any CPU
		{5F16E69D-15EB-4D79-8C32-49DBAD08CD57}.Debug|Any CPU.Build.0 = Debug|Any CPU
		{5F16E69D-15EB-4D79-8C32-49DBAD08CD57}.Release|Any CPU.ActiveCfg = Release|Any CPU
		{5F16E69D-15EB-4D79-8C32-49DBAD08CD57}.Release|Any CPU.Build.0 = Release|Any CPU
	EndGlobalSection
	GlobalSection(SolutionProperties) = preSolution
		HideSolutionNode = FALSE
	EndGlobalSection
	GlobalSection(ExtensibilityGlobals) = postSolution
		SolutionGuid = {F4CB98EB-83D0-478C-93F1-67C1B2D02C9C}
	EndGlobalSection
EndGlobal
